// !$*UTF8*$!
{
	archiveVersion = 1;
	classes = {
	};
	objectVersion = 55;
	objects = {

/* Begin PBXBuildFile section */
		D94CAF40281F952D00205234 /* StateIcon.swift in Sources */ = {isa = PBXBuildFile; fileRef = D94CAF3F281F952D00205234 /* StateIcon.swift */; };
		D94CAF42281F9CC400205234 /* ColorExtensions.swift in Sources */ = {isa = PBXBuildFile; fileRef = D94CAF41281F9CC400205234 /* ColorExtensions.swift */; };
		D94CAF442820D7F900205234 /* StatsView.swift in Sources */ = {isa = PBXBuildFile; fileRef = D94CAF432820D7F900205234 /* StatsView.swift */; };
		D94CAF462821C74F00205234 /* Cache.swift in Sources */ = {isa = PBXBuildFile; fileRef = D94CAF452821C74F00205234 /* Cache.swift */; };
		D993C8E428978B07009A82E3 /* FlashCardObverseView.swift in Sources */ = {isa = PBXBuildFile; fileRef = D993C8E328978B07009A82E3 /* FlashCardObverseView.swift */; };
		D993C8E628978B16009A82E3 /* FlashCardReverseView.swift in Sources */ = {isa = PBXBuildFile; fileRef = D993C8E528978B16009A82E3 /* FlashCardReverseView.swift */; };
		D993C8E828978B50009A82E3 /* FlashCardView.swift in Sources */ = {isa = PBXBuildFile; fileRef = D993C8E728978B50009A82E3 /* FlashCardView.swift */; };
		D993C8EA28979363009A82E3 /* MasterButtonView.swift in Sources */ = {isa = PBXBuildFile; fileRef = D993C8E928979363009A82E3 /* MasterButtonView.swift */; };
		D993C8EC289794A2009A82E3 /* ReviewButtonsView.swift in Sources */ = {isa = PBXBuildFile; fileRef = D993C8EB289794A2009A82E3 /* ReviewButtonsView.swift */; };
		D993C8F028979E5D009A82E3 /* FrameSpacer.swift in Sources */ = {isa = PBXBuildFile; fileRef = D993C8EF28979E5D009A82E3 /* FrameSpacer.swift */; };
		D993C8F42897BD7F009A82E3 /* EditItemView.swift in Sources */ = {isa = PBXBuildFile; fileRef = D993C8F32897BD7F009A82E3 /* EditItemView.swift */; };
		D993C8F628982124009A82E3 /* Config.swift in Sources */ = {isa = PBXBuildFile; fileRef = D993C8F528982124009A82E3 /* Config.swift */; };
		D993C8F82898361E009A82E3 /* ViewExtensions.swift in Sources */ = {isa = PBXBuildFile; fileRef = D993C8F72898361E009A82E3 /* ViewExtensions.swift */; };
		D993C8FA289838C4009A82E3 /* FlashCardPickerPreview.swift in Sources */ = {isa = PBXBuildFile; fileRef = D993C8F9289838C4009A82E3 /* FlashCardPickerPreview.swift */; };
		D993C8FC28983BB1009A82E3 /* NewItemView.swift in Sources */ = {isa = PBXBuildFile; fileRef = D993C8FB28983BB1009A82E3 /* NewItemView.swift */; };
		D993C90628986BF1009A82E3 /* SearchResults.swift in Sources */ = {isa = PBXBuildFile; fileRef = D993C90528986BF1009A82E3 /* SearchResults.swift */; };
		D996C65C281E4C6800B82FD8 /* Vocab_ToolApp.swift in Sources */ = {isa = PBXBuildFile; fileRef = D996C648281E4C6600B82FD8 /* Vocab_ToolApp.swift */; };
		D996C65D281E4C6800B82FD8 /* Vocab_ToolApp.swift in Sources */ = {isa = PBXBuildFile; fileRef = D996C648281E4C6600B82FD8 /* Vocab_ToolApp.swift */; };
		D996C65E281E4C6800B82FD8 /* Vocab_ToolDocument.swift in Sources */ = {isa = PBXBuildFile; fileRef = D996C649281E4C6600B82FD8 /* Vocab_ToolDocument.swift */; };
		D996C65F281E4C6800B82FD8 /* Vocab_ToolDocument.swift in Sources */ = {isa = PBXBuildFile; fileRef = D996C649281E4C6600B82FD8 /* Vocab_ToolDocument.swift */; };
		D996C660281E4C6800B82FD8 /* ContentView.swift in Sources */ = {isa = PBXBuildFile; fileRef = D996C64A281E4C6600B82FD8 /* ContentView.swift */; };
		D996C661281E4C6800B82FD8 /* ContentView.swift in Sources */ = {isa = PBXBuildFile; fileRef = D996C64A281E4C6600B82FD8 /* ContentView.swift */; };
		D996C662281E4C6800B82FD8 /* Assets.xcassets in Resources */ = {isa = PBXBuildFile; fileRef = D996C64B281E4C6800B82FD8 /* Assets.xcassets */; };
		D996C663281E4C6800B82FD8 /* Assets.xcassets in Resources */ = {isa = PBXBuildFile; fileRef = D996C64B281E4C6800B82FD8 /* Assets.xcassets */; };
		D996C66E281E4E3900B82FD8 /* VocabList.swift in Sources */ = {isa = PBXBuildFile; fileRef = D996C66D281E4E3900B82FD8 /* VocabList.swift */; };
		D996C670281E4E5D00B82FD8 /* VocabItem.swift in Sources */ = {isa = PBXBuildFile; fileRef = D996C66F281E4E5D00B82FD8 /* VocabItem.swift */; };
		D996C672281E4EA200B82FD8 /* VocabState.swift in Sources */ = {isa = PBXBuildFile; fileRef = D996C671281E4EA200B82FD8 /* VocabState.swift */; };
		D996C675281E507600B82FD8 /* VocabListView.swift in Sources */ = {isa = PBXBuildFile; fileRef = D996C674281E507600B82FD8 /* VocabListView.swift */; };
		D996C678281E588200B82FD8 /* VocabListPreviewData.swift in Sources */ = {isa = PBXBuildFile; fileRef = D996C677281E588200B82FD8 /* VocabListPreviewData.swift */; };
		D996C67A281E694B00B82FD8 /* VocabItemView.swift in Sources */ = {isa = PBXBuildFile; fileRef = D996C679281E694B00B82FD8 /* VocabItemView.swift */; };
		D9E04C98281F120500B7251C /* ReviewView.swift in Sources */ = {isa = PBXBuildFile; fileRef = D9E04C97281F120500B7251C /* ReviewView.swift */; };
		D9E04C99281F120500B7251C /* ReviewView.swift in Sources */ = {isa = PBXBuildFile; fileRef = D9E04C97281F120500B7251C /* ReviewView.swift */; };
		D9E04C9F281F1A7F00B7251C /* DateExtensions.swift in Sources */ = {isa = PBXBuildFile; fileRef = D9E04C9E281F1A7F00B7251C /* DateExtensions.swift */; };
		D9E04CA0281F1A7F00B7251C /* DateExtensions.swift in Sources */ = {isa = PBXBuildFile; fileRef = D9E04C9E281F1A7F00B7251C /* DateExtensions.swift */; };
/* End PBXBuildFile section */

/* Begin PBXFileReference section */
		D94CAF3F281F952D00205234 /* StateIcon.swift */ = {isa = PBXFileReference; lastKnownFileType = sourcecode.swift; path = StateIcon.swift; sourceTree = "<group>"; };
		D94CAF41281F9CC400205234 /* ColorExtensions.swift */ = {isa = PBXFileReference; lastKnownFileType = sourcecode.swift; path = ColorExtensions.swift; sourceTree = "<group>"; };
		D94CAF432820D7F900205234 /* StatsView.swift */ = {isa = PBXFileReference; lastKnownFileType = sourcecode.swift; path = StatsView.swift; sourceTree = "<group>"; };
		D94CAF452821C74F00205234 /* Cache.swift */ = {isa = PBXFileReference; lastKnownFileType = sourcecode.swift; path = Cache.swift; sourceTree = "<group>"; };
		D993C8E328978B07009A82E3 /* FlashCardObverseView.swift */ = {isa = PBXFileReference; lastKnownFileType = sourcecode.swift; path = FlashCardObverseView.swift; sourceTree = "<group>"; };
		D993C8E528978B16009A82E3 /* FlashCardReverseView.swift */ = {isa = PBXFileReference; lastKnownFileType = sourcecode.swift; path = FlashCardReverseView.swift; sourceTree = "<group>"; };
		D993C8E728978B50009A82E3 /* FlashCardView.swift */ = {isa = PBXFileReference; lastKnownFileType = sourcecode.swift; path = FlashCardView.swift; sourceTree = "<group>"; };
		D993C8E928979363009A82E3 /* MasterButtonView.swift */ = {isa = PBXFileReference; lastKnownFileType = sourcecode.swift; path = MasterButtonView.swift; sourceTree = "<group>"; };
		D993C8EB289794A2009A82E3 /* ReviewButtonsView.swift */ = {isa = PBXFileReference; lastKnownFileType = sourcecode.swift; path = ReviewButtonsView.swift; sourceTree = "<group>"; };
		D993C8EF28979E5D009A82E3 /* FrameSpacer.swift */ = {isa = PBXFileReference; lastKnownFileType = sourcecode.swift; path = FrameSpacer.swift; sourceTree = "<group>"; };
		D993C8F32897BD7F009A82E3 /* EditItemView.swift */ = {isa = PBXFileReference; lastKnownFileType = sourcecode.swift; path = EditItemView.swift; sourceTree = "<group>"; };
		D993C8F528982124009A82E3 /* Config.swift */ = {isa = PBXFileReference; lastKnownFileType = sourcecode.swift; path = Config.swift; sourceTree = "<group>"; };
		D993C8F72898361E009A82E3 /* ViewExtensions.swift */ = {isa = PBXFileReference; lastKnownFileType = sourcecode.swift; path = ViewExtensions.swift; sourceTree = "<group>"; };
		D993C8F9289838C4009A82E3 /* FlashCardPickerPreview.swift */ = {isa = PBXFileReference; lastKnownFileType = sourcecode.swift; path = FlashCardPickerPreview.swift; sourceTree = "<group>"; };
		D993C8FB28983BB1009A82E3 /* NewItemView.swift */ = {isa = PBXFileReference; lastKnownFileType = sourcecode.swift; path = NewItemView.swift; sourceTree = "<group>"; };
		D993C90528986BF1009A82E3 /* SearchResults.swift */ = {isa = PBXFileReference; lastKnownFileType = sourcecode.swift; path = SearchResults.swift; sourceTree = "<group>"; };
		D996C648281E4C6600B82FD8 /* Vocab_ToolApp.swift */ = {isa = PBXFileReference; lastKnownFileType = sourcecode.swift; path = Vocab_ToolApp.swift; sourceTree = "<group>"; };
		D996C649281E4C6600B82FD8 /* Vocab_ToolDocument.swift */ = {isa = PBXFileReference; lastKnownFileType = sourcecode.swift; path = Vocab_ToolDocument.swift; sourceTree = "<group>"; };
		D996C64A281E4C6600B82FD8 /* ContentView.swift */ = {isa = PBXFileReference; lastKnownFileType = sourcecode.swift; path = ContentView.swift; sourceTree = "<group>"; };
		D996C64B281E4C6800B82FD8 /* Assets.xcassets */ = {isa = PBXFileReference; lastKnownFileType = folder.assetcatalog; path = Assets.xcassets; sourceTree = "<group>"; };
		D996C650281E4C6800B82FD8 /* Vocab Tool.app */ = {isa = PBXFileReference; explicitFileType = wrapper.application; includeInIndex = 0; path = "Vocab Tool.app"; sourceTree = BUILT_PRODUCTS_DIR; };
		D996C653281E4C6800B82FD8 /* Info.plist */ = {isa = PBXFileReference; lastKnownFileType = text.plist.xml; path = Info.plist; sourceTree = "<group>"; };
		D996C658281E4C6800B82FD8 /* Vocab Tool.app */ = {isa = PBXFileReference; explicitFileType = wrapper.application; includeInIndex = 0; path = "Vocab Tool.app"; sourceTree = BUILT_PRODUCTS_DIR; };
		D996C65A281E4C6800B82FD8 /* Info.plist */ = {isa = PBXFileReference; lastKnownFileType = text.plist.xml; path = Info.plist; sourceTree = "<group>"; };
		D996C65B281E4C6800B82FD8 /* macOS.entitlements */ = {isa = PBXFileReference; lastKnownFileType = text.plist.entitlements; path = macOS.entitlements; sourceTree = "<group>"; };
		D996C66D281E4E3900B82FD8 /* VocabList.swift */ = {isa = PBXFileReference; lastKnownFileType = sourcecode.swift; path = VocabList.swift; sourceTree = "<group>"; };
		D996C66F281E4E5D00B82FD8 /* VocabItem.swift */ = {isa = PBXFileReference; lastKnownFileType = sourcecode.swift; path = VocabItem.swift; sourceTree = "<group>"; };
		D996C671281E4EA200B82FD8 /* VocabState.swift */ = {isa = PBXFileReference; lastKnownFileType = sourcecode.swift; path = VocabState.swift; sourceTree = "<group>"; };
		D996C674281E507600B82FD8 /* VocabListView.swift */ = {isa = PBXFileReference; lastKnownFileType = sourcecode.swift; path = VocabListView.swift; sourceTree = "<group>"; };
		D996C677281E588200B82FD8 /* VocabListPreviewData.swift */ = {isa = PBXFileReference; lastKnownFileType = sourcecode.swift; path = VocabListPreviewData.swift; sourceTree = "<group>"; };
		D996C679281E694B00B82FD8 /* VocabItemView.swift */ = {isa = PBXFileReference; lastKnownFileType = sourcecode.swift; path = VocabItemView.swift; sourceTree = "<group>"; };
		D9E04C97281F120500B7251C /* ReviewView.swift */ = {isa = PBXFileReference; lastKnownFileType = sourcecode.swift; path = ReviewView.swift; sourceTree = "<group>"; };
		D9E04C9E281F1A7F00B7251C /* DateExtensions.swift */ = {isa = PBXFileReference; lastKnownFileType = sourcecode.swift; path = DateExtensions.swift; sourceTree = "<group>"; };
/* End PBXFileReference section */

/* Begin PBXFrameworksBuildPhase section */
		D996C64D281E4C6800B82FD8 /* Frameworks */ = {
			isa = PBXFrameworksBuildPhase;
			buildActionMask = 2147483647;
			files = (
			);
			runOnlyForDeploymentPostprocessing = 0;
		};
		D996C655281E4C6800B82FD8 /* Frameworks */ = {
			isa = PBXFrameworksBuildPhase;
			buildActionMask = 2147483647;
			files = (
			);
			runOnlyForDeploymentPostprocessing = 0;
		};
/* End PBXFrameworksBuildPhase section */

/* Begin PBXGroup section */
		D996C642281E4C6600B82FD8 = {
			isa = PBXGroup;
			children = (
				D996C676281E585C00B82FD8 /* PreviewContent */,
				D996C647281E4C6600B82FD8 /* Shared */,
				D996C652281E4C6800B82FD8 /* iOS */,
				D996C659281E4C6800B82FD8 /* macOS */,
				D996C651281E4C6800B82FD8 /* Products */,
			);
			sourceTree = "<group>";
		};
		D996C647281E4C6600B82FD8 /* Shared */ = {
			isa = PBXGroup;
			children = (
				D9E04C9D281F1A7200B7251C /* SystemExtensions */,
				D996C673281E506A00B82FD8 /* Views */,
				D996C66C281E4E2B00B82FD8 /* Domain */,
				D996C648281E4C6600B82FD8 /* Vocab_ToolApp.swift */,
				D996C649281E4C6600B82FD8 /* Vocab_ToolDocument.swift */,
				D996C64A281E4C6600B82FD8 /* ContentView.swift */,
				D996C64B281E4C6800B82FD8 /* Assets.xcassets */,
				D993C8F528982124009A82E3 /* Config.swift */,
			);
			path = Shared;
			sourceTree = "<group>";
		};
		D996C651281E4C6800B82FD8 /* Products */ = {
			isa = PBXGroup;
			children = (
				D996C650281E4C6800B82FD8 /* Vocab Tool.app */,
				D996C658281E4C6800B82FD8 /* Vocab Tool.app */,
			);
			name = Products;
			sourceTree = "<group>";
		};
		D996C652281E4C6800B82FD8 /* iOS */ = {
			isa = PBXGroup;
			children = (
				D996C653281E4C6800B82FD8 /* Info.plist */,
			);
			path = iOS;
			sourceTree = "<group>";
		};
		D996C659281E4C6800B82FD8 /* macOS */ = {
			isa = PBXGroup;
			children = (
				D996C65A281E4C6800B82FD8 /* Info.plist */,
				D996C65B281E4C6800B82FD8 /* macOS.entitlements */,
			);
			path = macOS;
			sourceTree = "<group>";
		};
		D996C66C281E4E2B00B82FD8 /* Domain */ = {
			isa = PBXGroup;
			children = (
				D996C66D281E4E3900B82FD8 /* VocabList.swift */,
				D996C66F281E4E5D00B82FD8 /* VocabItem.swift */,
				D996C671281E4EA200B82FD8 /* VocabState.swift */,
				D94CAF452821C74F00205234 /* Cache.swift */,
			);
			path = Domain;
			sourceTree = "<group>";
		};
		D996C673281E506A00B82FD8 /* Views */ = {
			isa = PBXGroup;
			children = (
				D996C674281E507600B82FD8 /* VocabListView.swift */,
				D996C679281E694B00B82FD8 /* VocabItemView.swift */,
				D9E04C97281F120500B7251C /* ReviewView.swift */,
				D94CAF3F281F952D00205234 /* StateIcon.swift */,
				D94CAF432820D7F900205234 /* StatsView.swift */,
				D993C8E328978B07009A82E3 /* FlashCardObverseView.swift */,
				D993C8E528978B16009A82E3 /* FlashCardReverseView.swift */,
				D993C8E728978B50009A82E3 /* FlashCardView.swift */,
				D993C8E928979363009A82E3 /* MasterButtonView.swift */,
				D993C8EB289794A2009A82E3 /* ReviewButtonsView.swift */,
				D993C8EF28979E5D009A82E3 /* FrameSpacer.swift */,
				D993C8F32897BD7F009A82E3 /* EditItemView.swift */,
				D993C8FB28983BB1009A82E3 /* NewItemView.swift */,
				D993C90528986BF1009A82E3 /* SearchResults.swift */,
			);
			path = Views;
			sourceTree = "<group>";
		};
		D996C676281E585C00B82FD8 /* PreviewContent */ = {
			isa = PBXGroup;
			children = (
				D996C677281E588200B82FD8 /* VocabListPreviewData.swift */,
				D993C8F9289838C4009A82E3 /* FlashCardPickerPreview.swift */,
			);
			path = PreviewContent;
			sourceTree = "<group>";
		};
		D9E04C9D281F1A7200B7251C /* SystemExtensions */ = {
			isa = PBXGroup;
			children = (
				D9E04C9E281F1A7F00B7251C /* DateExtensions.swift */,
				D94CAF41281F9CC400205234 /* ColorExtensions.swift */,
				D993C8F72898361E009A82E3 /* ViewExtensions.swift */,
			);
			path = SystemExtensions;
			sourceTree = "<group>";
		};
/* End PBXGroup section */

/* Begin PBXNativeTarget section */
		D996C64F281E4C6800B82FD8 /* Vocab Tool (iOS) */ = {
			isa = PBXNativeTarget;
			buildConfigurationList = D996C666281E4C6800B82FD8 /* Build configuration list for PBXNativeTarget "Vocab Tool (iOS)" */;
			buildPhases = (
				D996C64C281E4C6800B82FD8 /* Sources */,
				D996C64D281E4C6800B82FD8 /* Frameworks */,
				D996C64E281E4C6800B82FD8 /* Resources */,
			);
			buildRules = (
			);
			dependencies = (
			);
			name = "Vocab Tool (iOS)";
			productName = "Vocab Tool (iOS)";
			productReference = D996C650281E4C6800B82FD8 /* Vocab Tool.app */;
			productType = "com.apple.product-type.application";
		};
		D996C657281E4C6800B82FD8 /* Vocab Tool (macOS) */ = {
			isa = PBXNativeTarget;
			buildConfigurationList = D996C669281E4C6800B82FD8 /* Build configuration list for PBXNativeTarget "Vocab Tool (macOS)" */;
			buildPhases = (
				D996C654281E4C6800B82FD8 /* Sources */,
				D996C655281E4C6800B82FD8 /* Frameworks */,
				D996C656281E4C6800B82FD8 /* Resources */,
			);
			buildRules = (
			);
			dependencies = (
			);
			name = "Vocab Tool (macOS)";
			productName = "Vocab Tool (macOS)";
			productReference = D996C658281E4C6800B82FD8 /* Vocab Tool.app */;
			productType = "com.apple.product-type.application";
		};
/* End PBXNativeTarget section */

/* Begin PBXProject section */
		D996C643281E4C6600B82FD8 /* Project object */ = {
			isa = PBXProject;
			attributes = {
				BuildIndependentTargetsInParallel = 1;
				LastSwiftUpdateCheck = 1330;
				LastUpgradeCheck = 1330;
				TargetAttributes = {
					D996C64F281E4C6800B82FD8 = {
						CreatedOnToolsVersion = 13.3.1;
					};
					D996C657281E4C6800B82FD8 = {
						CreatedOnToolsVersion = 13.3.1;
					};
				};
			};
			buildConfigurationList = D996C646281E4C6600B82FD8 /* Build configuration list for PBXProject "Vocab Tool" */;
			compatibilityVersion = "Xcode 13.0";
			developmentRegion = en;
			hasScannedForEncodings = 0;
			knownRegions = (
				en,
				Base,
			);
			mainGroup = D996C642281E4C6600B82FD8;
			productRefGroup = D996C651281E4C6800B82FD8 /* Products */;
			projectDirPath = "";
			projectRoot = "";
			targets = (
				D996C64F281E4C6800B82FD8 /* Vocab Tool (iOS) */,
				D996C657281E4C6800B82FD8 /* Vocab Tool (macOS) */,
			);
		};
/* End PBXProject section */

/* Begin PBXResourcesBuildPhase section */
		D996C64E281E4C6800B82FD8 /* Resources */ = {
			isa = PBXResourcesBuildPhase;
			buildActionMask = 2147483647;
			files = (
				D996C662281E4C6800B82FD8 /* Assets.xcassets in Resources */,
			);
			runOnlyForDeploymentPostprocessing = 0;
		};
		D996C656281E4C6800B82FD8 /* Resources */ = {
			isa = PBXResourcesBuildPhase;
			buildActionMask = 2147483647;
			files = (
				D996C663281E4C6800B82FD8 /* Assets.xcassets in Resources */,
			);
			runOnlyForDeploymentPostprocessing = 0;
		};
/* End PBXResourcesBuildPhase section */

/* Begin PBXSourcesBuildPhase section */
		D996C64C281E4C6800B82FD8 /* Sources */ = {
			isa = PBXSourcesBuildPhase;
			buildActionMask = 2147483647;
			files = (
				D993C8FC28983BB1009A82E3 /* NewItemView.swift in Sources */,
				D9E04C98281F120500B7251C /* ReviewView.swift in Sources */,
				D996C65E281E4C6800B82FD8 /* Vocab_ToolDocument.swift in Sources */,
				D94CAF40281F952D00205234 /* StateIcon.swift in Sources */,
				D993C8E828978B50009A82E3 /* FlashCardView.swift in Sources */,
				D996C678281E588200B82FD8 /* VocabListPreviewData.swift in Sources */,
				D996C670281E4E5D00B82FD8 /* VocabItem.swift in Sources */,
				D993C8E628978B16009A82E3 /* FlashCardReverseView.swift in Sources */,
				D9E04C9F281F1A7F00B7251C /* DateExtensions.swift in Sources */,
				D996C66E281E4E3900B82FD8 /* VocabList.swift in Sources */,
				D996C672281E4EA200B82FD8 /* VocabState.swift in Sources */,
				D993C8F82898361E009A82E3 /* ViewExtensions.swift in Sources */,
				D996C65C281E4C6800B82FD8 /* Vocab_ToolApp.swift in Sources */,
				D94CAF462821C74F00205234 /* Cache.swift in Sources */,
				D993C8F028979E5D009A82E3 /* FrameSpacer.swift in Sources */,
				D993C8EA28979363009A82E3 /* MasterButtonView.swift in Sources */,
				D996C67A281E694B00B82FD8 /* VocabItemView.swift in Sources */,
				D94CAF442820D7F900205234 /* StatsView.swift in Sources */,
				D996C675281E507600B82FD8 /* VocabListView.swift in Sources */,
				D993C8F42897BD7F009A82E3 /* EditItemView.swift in Sources */,
				D993C8FA289838C4009A82E3 /* FlashCardPickerPreview.swift in Sources */,
				D993C8F628982124009A82E3 /* Config.swift in Sources */,
				D996C660281E4C6800B82FD8 /* ContentView.swift in Sources */,
				D993C8E428978B07009A82E3 /* FlashCardObverseView.swift in Sources */,
				D993C8EC289794A2009A82E3 /* ReviewButtonsView.swift in Sources */,
				D993C90628986BF1009A82E3 /* SearchResults.swift in Sources */,
				D94CAF42281F9CC400205234 /* ColorExtensions.swift in Sources */,
			);
			runOnlyForDeploymentPostprocessing = 0;
		};
		D996C654281E4C6800B82FD8 /* Sources */ = {
			isa = PBXSourcesBuildPhase;
			buildActionMask = 2147483647;
			files = (
				D9E04C99281F120500B7251C /* ReviewView.swift in Sources */,
				D996C65F281E4C6800B82FD8 /* Vocab_ToolDocument.swift in Sources */,
				D996C65D281E4C6800B82FD8 /* Vocab_ToolApp.swift in Sources */,
				D996C661281E4C6800B82FD8 /* ContentView.swift in Sources */,
				D9E04CA0281F1A7F00B7251C /* DateExtensions.swift in Sources */,
			);
			runOnlyForDeploymentPostprocessing = 0;
		};
/* End PBXSourcesBuildPhase section */

/* Begin XCBuildConfiguration section */
		D996C664281E4C6800B82FD8 /* Debug */ = {
			isa = XCBuildConfiguration;
			buildSettings = {
				ALWAYS_SEARCH_USER_PATHS = NO;
				CLANG_ANALYZER_NONNULL = YES;
				CLANG_ANALYZER_NUMBER_OBJECT_CONVERSION = YES_AGGRESSIVE;
				CLANG_CXX_LANGUAGE_STANDARD = "gnu++17";
				CLANG_ENABLE_MODULES = YES;
				CLANG_ENABLE_OBJC_ARC = YES;
				CLANG_ENABLE_OBJC_WEAK = YES;
				CLANG_WARN_BLOCK_CAPTURE_AUTORELEASING = YES;
				CLANG_WARN_BOOL_CONVERSION = YES;
				CLANG_WARN_COMMA = YES;
				CLANG_WARN_CONSTANT_CONVERSION = YES;
				CLANG_WARN_DEPRECATED_OBJC_IMPLEMENTATIONS = YES;
				CLANG_WARN_DIRECT_OBJC_ISA_USAGE = YES_ERROR;
				CLANG_WARN_DOCUMENTATION_COMMENTS = YES;
				CLANG_WARN_EMPTY_BODY = YES;
				CLANG_WARN_ENUM_CONVERSION = YES;
				CLANG_WARN_INFINITE_RECURSION = YES;
				CLANG_WARN_INT_CONVERSION = YES;
				CLANG_WARN_NON_LITERAL_NULL_CONVERSION = YES;
				CLANG_WARN_OBJC_IMPLICIT_RETAIN_SELF = YES;
				CLANG_WARN_OBJC_LITERAL_CONVERSION = YES;
				CLANG_WARN_OBJC_ROOT_CLASS = YES_ERROR;
				CLANG_WARN_QUOTED_INCLUDE_IN_FRAMEWORK_HEADER = YES;
				CLANG_WARN_RANGE_LOOP_ANALYSIS = YES;
				CLANG_WARN_STRICT_PROTOTYPES = YES;
				CLANG_WARN_SUSPICIOUS_MOVE = YES;
				CLANG_WARN_UNGUARDED_AVAILABILITY = YES_AGGRESSIVE;
				CLANG_WARN_UNREACHABLE_CODE = YES;
				CLANG_WARN__DUPLICATE_METHOD_MATCH = YES;
				COPY_PHASE_STRIP = NO;
				DEBUG_INFORMATION_FORMAT = dwarf;
				ENABLE_STRICT_OBJC_MSGSEND = YES;
				ENABLE_TESTABILITY = YES;
				GCC_C_LANGUAGE_STANDARD = gnu11;
				GCC_DYNAMIC_NO_PIC = NO;
				GCC_NO_COMMON_BLOCKS = YES;
				GCC_OPTIMIZATION_LEVEL = 0;
				GCC_PREPROCESSOR_DEFINITIONS = (
					"DEBUG=1",
					"$(inherited)",
				);
				GCC_WARN_64_TO_32_BIT_CONVERSION = YES;
				GCC_WARN_ABOUT_RETURN_TYPE = YES_ERROR;
				GCC_WARN_UNDECLARED_SELECTOR = YES;
				GCC_WARN_UNINITIALIZED_AUTOS = YES_AGGRESSIVE;
				GCC_WARN_UNUSED_FUNCTION = YES;
				GCC_WARN_UNUSED_VARIABLE = YES;
				IPHONEOS_DEPLOYMENT_TARGET = 16.0;
				MACOSX_DEPLOYMENT_TARGET = 12.4;
				MTL_ENABLE_DEBUG_INFO = INCLUDE_SOURCE;
				MTL_FAST_MATH = YES;
				ONLY_ACTIVE_ARCH = YES;
				SDKROOT = iphoneos;
				SWIFT_ACTIVE_COMPILATION_CONDITIONS = DEBUG;
				SWIFT_OPTIMIZATION_LEVEL = "-Onone";
			};
			name = Debug;
		};
		D996C665281E4C6800B82FD8 /* Release */ = {
			isa = XCBuildConfiguration;
			buildSettings = {
				ALWAYS_SEARCH_USER_PATHS = NO;
				CLANG_ANALYZER_NONNULL = YES;
				CLANG_ANALYZER_NUMBER_OBJECT_CONVERSION = YES_AGGRESSIVE;
				CLANG_CXX_LANGUAGE_STANDARD = "gnu++17";
				CLANG_ENABLE_MODULES = YES;
				CLANG_ENABLE_OBJC_ARC = YES;
				CLANG_ENABLE_OBJC_WEAK = YES;
				CLANG_WARN_BLOCK_CAPTURE_AUTORELEASING = YES;
				CLANG_WARN_BOOL_CONVERSION = YES;
				CLANG_WARN_COMMA = YES;
				CLANG_WARN_CONSTANT_CONVERSION = YES;
				CLANG_WARN_DEPRECATED_OBJC_IMPLEMENTATIONS = YES;
				CLANG_WARN_DIRECT_OBJC_ISA_USAGE = YES_ERROR;
				CLANG_WARN_DOCUMENTATION_COMMENTS = YES;
				CLANG_WARN_EMPTY_BODY = YES;
				CLANG_WARN_ENUM_CONVERSION = YES;
				CLANG_WARN_INFINITE_RECURSION = YES;
				CLANG_WARN_INT_CONVERSION = YES;
				CLANG_WARN_NON_LITERAL_NULL_CONVERSION = YES;
				CLANG_WARN_OBJC_IMPLICIT_RETAIN_SELF = YES;
				CLANG_WARN_OBJC_LITERAL_CONVERSION = YES;
				CLANG_WARN_OBJC_ROOT_CLASS = YES_ERROR;
				CLANG_WARN_QUOTED_INCLUDE_IN_FRAMEWORK_HEADER = YES;
				CLANG_WARN_RANGE_LOOP_ANALYSIS = YES;
				CLANG_WARN_STRICT_PROTOTYPES = YES;
				CLANG_WARN_SUSPICIOUS_MOVE = YES;
				CLANG_WARN_UNGUARDED_AVAILABILITY = YES_AGGRESSIVE;
				CLANG_WARN_UNREACHABLE_CODE = YES;
				CLANG_WARN__DUPLICATE_METHOD_MATCH = YES;
				COPY_PHASE_STRIP = NO;
				DEBUG_INFORMATION_FORMAT = "dwarf-with-dsym";
				ENABLE_NS_ASSERTIONS = NO;
				ENABLE_STRICT_OBJC_MSGSEND = YES;
				GCC_C_LANGUAGE_STANDARD = gnu11;
				GCC_NO_COMMON_BLOCKS = YES;
				GCC_WARN_64_TO_32_BIT_CONVERSION = YES;
				GCC_WARN_ABOUT_RETURN_TYPE = YES_ERROR;
				GCC_WARN_UNDECLARED_SELECTOR = YES;
				GCC_WARN_UNINITIALIZED_AUTOS = YES_AGGRESSIVE;
				GCC_WARN_UNUSED_FUNCTION = YES;
				GCC_WARN_UNUSED_VARIABLE = YES;
				IPHONEOS_DEPLOYMENT_TARGET = 16.0;
				MACOSX_DEPLOYMENT_TARGET = 12.4;
				MTL_ENABLE_DEBUG_INFO = NO;
				MTL_FAST_MATH = YES;
				SDKROOT = iphoneos;
				SWIFT_COMPILATION_MODE = wholemodule;
				SWIFT_OPTIMIZATION_LEVEL = "-O";
			};
			name = Release;
		};
		D996C667281E4C6800B82FD8 /* Debug */ = {
			isa = XCBuildConfiguration;
			buildSettings = {
				ASSETCATALOG_COMPILER_APPICON_NAME = AppIcon;
				ASSETCATALOG_COMPILER_GLOBAL_ACCENT_COLOR_NAME = AccentColor;
				CODE_SIGN_STYLE = Automatic;
				CURRENT_PROJECT_VERSION = 1;
				DEVELOPMENT_ASSET_PATHS = PreviewContent;
				DEVELOPMENT_TEAM = SJ2JB357J3;
				ENABLE_PREVIEWS = YES;
				GENERATE_INFOPLIST_FILE = YES;
				INFOPLIST_FILE = iOS/Info.plist;
				INFOPLIST_KEY_LSSupportsOpeningDocumentsInPlace = YES;
				INFOPLIST_KEY_UIApplicationSceneManifest_Generation = YES;
				INFOPLIST_KEY_UIApplicationSupportsIndirectInputEvents = YES;
				INFOPLIST_KEY_UILaunchScreen_Generation = YES;
				INFOPLIST_KEY_UISupportedInterfaceOrientations = UIInterfaceOrientationPortrait;
				INFOPLIST_KEY_UISupportedInterfaceOrientations_iPad = "UIInterfaceOrientationPortrait UIInterfaceOrientationPortraitUpsideDown UIInterfaceOrientationLandscapeLeft UIInterfaceOrientationLandscapeRight";
				INFOPLIST_KEY_UISupportedInterfaceOrientations_iPhone = "UIInterfaceOrientationPortrait UIInterfaceOrientationLandscapeLeft UIInterfaceOrientationLandscapeRight";
				INFOPLIST_KEY_UISupportsDocumentBrowser = YES;
				IPHONEOS_DEPLOYMENT_TARGET = 16.0;
				LD_RUNPATH_SEARCH_PATHS = (
					"$(inherited)",
					"@executable_path/Frameworks",
				);
				MARKETING_VERSION = 1.0;
				PRODUCT_BUNDLE_IDENTIFIER = "io.austinbarrett.Vocab-Tool";
				PRODUCT_NAME = "Vocab Tool";
				SDKROOT = iphoneos;
				SWIFT_EMIT_LOC_STRINGS = YES;
				SWIFT_VERSION = 5.0;
				TARGETED_DEVICE_FAMILY = "1,2";
			};
			name = Debug;
		};
		D996C668281E4C6800B82FD8 /* Release */ = {
			isa = XCBuildConfiguration;
			buildSettings = {
				ASSETCATALOG_COMPILER_APPICON_NAME = AppIcon;
				ASSETCATALOG_COMPILER_GLOBAL_ACCENT_COLOR_NAME = AccentColor;
				CODE_SIGN_STYLE = Automatic;
				CURRENT_PROJECT_VERSION = 1;
				DEVELOPMENT_ASSET_PATHS = PreviewContent;
				DEVELOPMENT_TEAM = SJ2JB357J3;
				ENABLE_PREVIEWS = YES;
				GENERATE_INFOPLIST_FILE = YES;
				INFOPLIST_FILE = iOS/Info.plist;
				INFOPLIST_KEY_LSSupportsOpeningDocumentsInPlace = YES;
				INFOPLIST_KEY_UIApplicationSceneManifest_Generation = YES;
				INFOPLIST_KEY_UIApplicationSupportsIndirectInputEvents = YES;
				INFOPLIST_KEY_UILaunchScreen_Generation = YES;
				INFOPLIST_KEY_UISupportedInterfaceOrientations = UIInterfaceOrientationPortrait;
				INFOPLIST_KEY_UISupportedInterfaceOrientations_iPad = "UIInterfaceOrientationPortrait UIInterfaceOrientationPortraitUpsideDown UIInterfaceOrientationLandscapeLeft UIInterfaceOrientationLandscapeRight";
				INFOPLIST_KEY_UISupportedInterfaceOrientations_iPhone = "UIInterfaceOrientationPortrait UIInterfaceOrientationLandscapeLeft UIInterfaceOrientationLandscapeRight";
				INFOPLIST_KEY_UISupportsDocumentBrowser = YES;
				IPHONEOS_DEPLOYMENT_TARGET = 16.0;
				LD_RUNPATH_SEARCH_PATHS = (
					"$(inherited)",
					"@executable_path/Frameworks",
				);
				MARKETING_VERSION = 1.0;
				PRODUCT_BUNDLE_IDENTIFIER = "io.austinbarrett.Vocab-Tool";
				PRODUCT_NAME = "Vocab Tool";
				SDKROOT = iphoneos;
				SWIFT_EMIT_LOC_STRINGS = YES;
				SWIFT_VERSION = 5.0;
				TARGETED_DEVICE_FAMILY = "1,2";
				VALIDATE_PRODUCT = YES;
			};
			name = Release;
		};
		D996C66A281E4C6800B82FD8 /* Debug */ = {
			isa = XCBuildConfiguration;
			buildSettings = {
				ASSETCATALOG_COMPILER_APPICON_NAME = AppIcon;
				ASSETCATALOG_COMPILER_GLOBAL_ACCENT_COLOR_NAME = AccentColor;
				CODE_SIGN_ENTITLEMENTS = macOS/macOS.entitlements;
				CODE_SIGN_STYLE = Automatic;
				COMBINE_HIDPI_IMAGES = YES;
				CURRENT_PROJECT_VERSION = 1;
				DEVELOPMENT_ASSET_PATHS = PreviewContent;
				DEVELOPMENT_TEAM = SJ2JB357J3;
				ENABLE_HARDENED_RUNTIME = YES;
				ENABLE_PREVIEWS = YES;
				GENERATE_INFOPLIST_FILE = YES;
				INFOPLIST_FILE = macOS/Info.plist;
				INFOPLIST_KEY_NSHumanReadableCopyright = "";
				LD_RUNPATH_SEARCH_PATHS = (
					"$(inherited)",
					"@executable_path/../Frameworks",
				);
				MACOSX_DEPLOYMENT_TARGET = 12.4;
				MARKETING_VERSION = 1.0;
				PRODUCT_BUNDLE_IDENTIFIER = "io.austinbarrett.Vocab-Tool";
				PRODUCT_NAME = "Vocab Tool";
				SDKROOT = macosx;
				SWIFT_EMIT_LOC_STRINGS = YES;
				SWIFT_VERSION = 5.0;
			};
			name = Debug;
		};
		D996C66B281E4C6800B82FD8 /* Release */ = {
			isa = XCBuildConfiguration;
			buildSettings = {
				ASSETCATALOG_COMPILER_APPICON_NAME = AppIcon;
				ASSETCATALOG_COMPILER_GLOBAL_ACCENT_COLOR_NAME = AccentColor;
				CODE_SIGN_ENTITLEMENTS = macOS/macOS.entitlements;
				CODE_SIGN_STYLE = Automatic;
				COMBINE_HIDPI_IMAGES = YES;
				CURRENT_PROJECT_VERSION = 1;
				DEVELOPMENT_ASSET_PATHS = PreviewContent;
				DEVELOPMENT_TEAM = SJ2JB357J3;
				ENABLE_HARDENED_RUNTIME = YES;
				ENABLE_PREVIEWS = YES;
				GENERATE_INFOPLIST_FILE = YES;
				INFOPLIST_FILE = macOS/Info.plist;
				INFOPLIST_KEY_NSHumanReadableCopyright = "";
				LD_RUNPATH_SEARCH_PATHS = (
					"$(inherited)",
					"@executable_path/../Frameworks",
				);
				MACOSX_DEPLOYMENT_TARGET = 12.4;
				MARKETING_VERSION = 1.0;
				PRODUCT_BUNDLE_IDENTIFIER = "io.austinbarrett.Vocab-Tool";
				PRODUCT_NAME = "Vocab Tool";
				SDKROOT = macosx;
				SWIFT_EMIT_LOC_STRINGS = YES;
				SWIFT_VERSION = 5.0;
			};
			name = Release;
		};
/* End XCBuildConfiguration section */

/* Begin XCConfigurationList section */
		D996C646281E4C6600B82FD8 /* Build configuration list for PBXProject "Vocab Tool" */ = {
			isa = XCConfigurationList;
			buildConfigurations = (
				D996C664281E4C6800B82FD8 /* Debug */,
				D996C665281E4C6800B82FD8 /* Release */,
			);
			defaultConfigurationIsVisible = 0;
			defaultConfigurationName = Release;
		};
		D996C666281E4C6800B82FD8 /* Build configuration list for PBXNativeTarget "Vocab Tool (iOS)" */ = {
			isa = XCConfigurationList;
			buildConfigurations = (
				D996C667281E4C6800B82FD8 /* Debug */,
				D996C668281E4C6800B82FD8 /* Release */,
			);
			defaultConfigurationIsVisible = 0;
			defaultConfigurationName = Release;
		};
		D996C669281E4C6800B82FD8 /* Build configuration list for PBXNativeTarget "Vocab Tool (macOS)" */ = {
			isa = XCConfigurationList;
			buildConfigurations = (
				D996C66A281E4C6800B82FD8 /* Debug */,
				D996C66B281E4C6800B82FD8 /* Release */,
			);
			defaultConfigurationIsVisible = 0;
			defaultConfigurationName = Release;
		};
/* End XCConfigurationList section */
	};
	rootObject = D996C643281E4C6600B82FD8 /* Project object */;
}
